PODS:
  - Capacitor (7.2.0):
    - CapacitorCordova
  - CapacitorApp (7.0.1):
    - Capacitor
  - CapacitorCordova (7.2.0)
  - CapacitorDevice (7.0.1):
    - Capacitor
  - CapacitorPushNotifications (7.0.1):
    - Capacitor
  - CapacitorSplashScreen (7.0.1):
    - Capacitor

DEPENDENCIES:
  - "Capacitor (from `../../node_modules/@capacitor/ios`)"
  - "CapacitorApp (from `../../node_modules/@capacitor/app`)"
  - "CapacitorCordova (from `../../node_modules/@capacitor/ios`)"
  - "CapacitorDevice (from `../../node_modules/@capacitor/device`)"
  - "CapacitorPushNotifications (from `../../node_modules/@capacitor/push-notifications`)"
  - "CapacitorSplashScreen (from `../../node_modules/@capacitor/splash-screen`)"

EXTERNAL SOURCES:
  Capacitor:
    :path: "../../node_modules/@capacitor/ios"
  CapacitorApp:
    :path: "../../node_modules/@capacitor/app"
  CapacitorCordova:
    :path: "../../node_modules/@capacitor/ios"
  CapacitorDevice:
    :path: "../../node_modules/@capacitor/device"
  CapacitorPushNotifications:
    :path: "../../node_modules/@capacitor/push-notifications"
  CapacitorSplashScreen:
    :path: "../../node_modules/@capacitor/splash-screen"

SPEC CHECKSUMS:
  Capacitor: 03bc7cbdde6a629a8b910a9d7d78c3cc7ed09ea7
  CapacitorApp: febecbb9582cb353aed037e18ec765141f880fe9
  CapacitorCordova: 5967b9ba03915ef1d585469d6e31f31dc49be96f
  CapacitorDevice: c6f6d587dd310527f8a48bf09c4e7b4a4cf14329
  CapacitorPushNotifications: 6a2794788c583dd89215f1805ca4bced1b13dbdf
  CapacitorSplashScreen: 1d67815a422a9b61539c94f283c08ed56667c0fc

PODFILE CHECKSUM: 89bcd15b0b1b0f8d00e6e38efa3bf70e5035578b

COCOAPODS: 1.16.2
